
Microsoft Visual Studio Solution File, Format Version 12.00
# Visual Studio Version 17
VisualStudioVersion = 17.12.35527.113 d17.12
MinimumVisualStudioVersion = 10.0.40219.1
Project("{FAE04EC0-301F-11D3-BF4B-00C04F79EFBC}") = "Recipe Manager 2", "Recipe Manager 2.csproj", "{B5354685-E56D-45CF-8EBC-6EAD4801D743}"
EndProject
Global
	GlobalSection(SolutionConfigurationPlatforms) = preSolution
		Debug|Any CPU = Debug|Any CPU
		Release|Any CPU = Release|Any CPU
	EndGlobalSection
	GlobalSection(ProjectConfigurationPlatforms) = postSolution
		{B5354685-E56D-45CF-8EBC-6EAD4801D743}.Debug|Any CPU.ActiveCfg = Debug|Any CPU
		{B5354685-E56D-45CF-8EBC-6EAD4801D743}.Debug|Any CPU.Build.0 = Debug|Any CPU
		{B5354685-E56D-45CF-8EBC-6EAD4801D743}.Release|Any CPU.ActiveCfg = Release|Any CPU
		{B5354685-E56D-45CF-8EBC-6EAD4801D743}.Release|Any CPU.Build.0 = Release|Any CPU
	EndGlobalSection
	GlobalSection(SolutionProperties) = preSolution
		HideSolutionNode = FALSE
	EndGlobalSection
EndGlobal
